<?xml version="1.0" encoding="utf-8"?>
<Project ToolsVersion="4.0" xmlns="http://schemas.microsoft.com/developer/msbuild/2003">
  <ItemGroup>
    <Filter Include="Source Files">
      <UniqueIdentifier>{4FC737F1-C7A5-4376-A066-2A32D752A2FF}</UniqueIdentifier>
      <Extensions>cpp;c;cc;cxx;def;odl;idl;hpj;bat;asm;asmx</Extensions>
    </Filter>
    <Filter Include="Header Files">
      <UniqueIdentifier>{93995380-89BD-4b04-88EB-625FBE52EBFB}</UniqueIdentifier>
      <Extensions>h;hh;hpp;hxx;hm;inl;inc;ipp;xsd</Extensions>
    </Filter>
    <Filter Include="Resource Files">
      <UniqueIdentifier>{67DA6AB6-F800-4c08-8B7A-83BB121AAD01}</UniqueIdentifier>
      <Extensions>rc;ico;cur;bmp;dlg;rc2;rct;bin;rgs;gif;jpg;jpeg;jpe;resx;tiff;tif;png;wav;mfcribbon-ms</Extensions>
    </Filter>
    <Filter Include="Resource Files\MinHook">
      <UniqueIdentifier>{580b1a1e-80a1-4594-9ce3-921cc1a48a10}</UniqueIdentifier>
    </Filter>
    <Filter Include="Source Files\Minecraft">
      <UniqueIdentifier>{371414d5-0fb2-4463-930f-0ffcfd646d92}</UniqueIdentifier>
    </Filter>
    <Filter Include="Header Files\Minecraft">
      <UniqueIdentifier>{c9016a14-ba4c-43f9-b400-ef807cfe593a}</UniqueIdentifier>
    </Filter>
  </ItemGroup>
  <ItemGroup>
    <ClCompile Include="main.cpp">
      <Filter>Source Files</Filter>
    </ClCompile>
    <ClCompile Include="hooks.cpp">
      <Filter>Source Files</Filter>
    </ClCompile>
    <ClCompile Include="jvm.cpp">
      <Filter>Source Files</Filter>
    </ClCompile>
    <ClCompile Include="srg.cpp">
      <Filter>Source Files</Filter>
    </ClCompile>
    <ClCompile Include="bindings.cpp">
      <Filter>Source Files</Filter>
    </ClCompile>
    <ClCompile Include="Minecraft\helpers.cpp">
      <Filter>Source Files\Minecraft</Filter>
    </ClCompile>
    <ClCompile Include="Minecraft\usertypes.cpp">
      <Filter>Source Files\Minecraft</Filter>
    </ClCompile>
  </ItemGroup>
  <ItemGroup>
    <ClInclude Include="common.h">
      <Filter>Header Files</Filter>
    </ClInclude>
    <ClInclude Include="hooks.h">
      <Filter>Header Files</Filter>
    </ClInclude>
    <ClInclude Include="jvm.h">
      <Filter>Header Files</Filter>
    </ClInclude>
    <ClInclude Include="minhook\MinHook.h">
      <Filter>Resource Files\MinHook</Filter>
    </ClInclude>
    <ClInclude Include="srg.h">
      <Filter>Header Files</Filter>
    </ClInclude>
    <ClInclude Include="bindings.h">
      <Filter>Header Files</Filter>
    </ClInclude>
    <ClInclude Include="lua.h">
      <Filter>Header Files</Filter>
    </ClInclude>
    <ClInclude Include="Minecraft\helpers.h">
      <Filter>Header Files\Minecraft</Filter>
    </ClInclude>
    <ClInclude Include="Minecraft\definitions.h">
      <Filter>Header Files\Minecraft</Filter>
    </ClInclude>
    <ClInclude Include="Minecraft\usertypes.h">
      <Filter>Header Files\Minecraft</Filter>
    </ClInclude>
  </ItemGroup>
</Project>